
Microsoft Visual Studio Solution File, Format Version 12.00
# Visual Studio Version 17
VisualStudioVersion = 17.2.32516.85
MinimumVisualStudioVersion = 10.0.40219.1
Project("{FAE04EC0-301F-11D3-BF4B-00C04F79EFBC}") = "Sub_Translator", "Sub_Translator\Sub_Translator.csproj", "{14CA2F71-F121-443E-BD8A-472A46FDEF28}"
EndProject
Global
	GlobalSection(SolutionConfigurationPlatforms) = preSolution
		Debug|Any CPU = Debug|Any CPU
		Release|Any CPU = Release|Any CPU
	EndGlobalSection
	GlobalSection(ProjectConfigurationPlatforms) = postSolution
		{14CA2F71-F121-443E-BD8A-472A46FDEF28}.Debug|Any CPU.ActiveCfg = Debug|Any CPU
		{14CA2F71-F121-443E-BD8A-472A46FDEF28}.Debug|Any CPU.Build.0 = Debug|Any CPU
		{14CA2F71-F121-443E-BD8A-472A46FDEF28}.Release|Any CPU.ActiveCfg = Release|Any CPU
		{14CA2F71-F121-443E-BD8A-472A46FDEF28}.Release|Any CPU.Build.0 = Release|Any CPU
	EndGlobalSection
	GlobalSection(SolutionProperties) = preSolution
		HideSolutionNode = FALSE
	EndGlobalSection
	GlobalSection(ExtensibilityGlobals) = postSolution
		SolutionGuid = {16FF3289-E549-4E01-BA46-9BB0CA562425}
	EndGlobalSection
EndGlobal
